
Microsoft Visual Studio Solution File, Format Version 12.00
# Visual Studio 15
Project("{FAE04EC0-301F-11D3-BF4B-00C04F79EFBC}") = "Assembly-CSharp", "Assembly-CSharp.csproj", "{AEA9436C-E456-E5D9-916A-0279F471C278}"
EndProject
Project("{FAE04EC0-301F-11D3-BF4B-00C04F79EFBC}") = "Assembly-CSharp-firstpass", "Assembly-CSharp-firstpass.csproj", "{645692C3-C55F-8D7C-13A8-5764E811A35A}"
EndProject
Project("{FAE04EC0-301F-11D3-BF4B-00C04F79EFBC}") = "Assembly-CSharp-Editor-firstpass", "Assembly-CSharp-Editor-firstpass.csproj", "{E2F3B39C-2896-F762-526E-5413474567E4}"
EndProject
Project("{FAE04EC0-301F-11D3-BF4B-00C04F79EFBC}") = "Assembly-CSharp-Editor", "Assembly-CSharp-Editor.csproj", "{68845F99-EBEC-4E83-98DC-C79583F716F8}"
EndProject
Global
	GlobalSection(SolutionConfigurationPlatforms) = preSolution
		Debug|Any CPU = Debug|Any CPU
		Release|Any CPU = Release|Any CPU
	EndGlobalSection
	GlobalSection(ProjectConfigurationPlatforms) = postSolution
		{AEA9436C-E456-E5D9-916A-0279F471C278}.Debug|Any CPU.ActiveCfg = Debug|Any CPU
		{AEA9436C-E456-E5D9-916A-0279F471C278}.Debug|Any CPU.Build.0 = Debug|Any CPU
		{AEA9436C-E456-E5D9-916A-0279F471C278}.Release|Any CPU.ActiveCfg = Release|Any CPU
		{AEA9436C-E456-E5D9-916A-0279F471C278}.Release|Any CPU.Build.0 = Release|Any CPU
		{645692C3-C55F-8D7C-13A8-5764E811A35A}.Debug|Any CPU.ActiveCfg = Debug|Any CPU
		{645692C3-C55F-8D7C-13A8-5764E811A35A}.Debug|Any CPU.Build.0 = Debug|Any CPU
		{645692C3-C55F-8D7C-13A8-5764E811A35A}.Release|Any CPU.ActiveCfg = Release|Any CPU
		{645692C3-C55F-8D7C-13A8-5764E811A35A}.Release|Any CPU.Build.0 = Release|Any CPU
		{E2F3B39C-2896-F762-526E-5413474567E4}.Debug|Any CPU.ActiveCfg = Debug|Any CPU
		{E2F3B39C-2896-F762-526E-5413474567E4}.Debug|Any CPU.Build.0 = Debug|Any CPU
		{E2F3B39C-2896-F762-526E-5413474567E4}.Release|Any CPU.ActiveCfg = Release|Any CPU
		{E2F3B39C-2896-F762-526E-5413474567E4}.Release|Any CPU.Build.0 = Release|Any CPU
		{68845F99-EBEC-4E83-98DC-C79583F716F8}.Debug|Any CPU.ActiveCfg = Debug|Any CPU
		{68845F99-EBEC-4E83-98DC-C79583F716F8}.Debug|Any CPU.Build.0 = Debug|Any CPU
		{68845F99-EBEC-4E83-98DC-C79583F716F8}.Release|Any CPU.ActiveCfg = Release|Any CPU
		{68845F99-EBEC-4E83-98DC-C79583F716F8}.Release|Any CPU.Build.0 = Release|Any CPU
	EndGlobalSection
	GlobalSection(SolutionProperties) = preSolution
		HideSolutionNode = FALSE
	EndGlobalSection
EndGlobal
